
Microsoft Visual Studio Solution File, Format Version 12.00
Project("{2150E333-8FDC-42A3-9474-1A3956D46DE8}") = "BinarySearch", "BinarySearch", "{869135F7-63F9-4A24-9C9D-ECA03151DE91}"
EndProject
Project("{FAE04EC0-301F-11D3-BF4B-00C04F79EFBC}") = "BinarySearch", "BinarySearch\BinarySearch.csproj", "{029172D6-7182-4607-BACD-F1306E0AD819}"
EndProject
Project("{2150E333-8FDC-42A3-9474-1A3956D46DE8}") = "SearchAlgorithms", "SearchAlgorithms", "{EE81C259-D72D-4799-B573-0A89CE6C1CA0}"
EndProject
Project("{FAE04EC0-301F-11D3-BF4B-00C04F79EFBC}") = "BinarySearchUnitTests", "BinarySearchUnitTests\BinarySearchUnitTests.csproj", "{DDA95909-0CD5-421F-BA7D-EFEE9A23902D}"
EndProject
Project("{2150E333-8FDC-42A3-9474-1A3956D46DE8}") = "BreadthFirstSearch", "BreadthFirstSearch", "{99D2D364-71A0-4B4A-8A7A-59FD61BF4ED1}"
EndProject
Project("{FAE04EC0-301F-11D3-BF4B-00C04F79EFBC}") = "BreadthFirstSearch", "BreadthFirstSearch\BreadthFirstSearch.csproj", "{FA321FDE-54E7-41B3-841A-E000480C6E40}"
EndProject
Project("{2150E333-8FDC-42A3-9474-1A3956D46DE8}") = "BinaryTree", "BinaryTree", "{AE6CC6CF-9755-4048-B61C-7B36D0012136}"
EndProject
Project("{FAE04EC0-301F-11D3-BF4B-00C04F79EFBC}") = "BinaryTree", "BinaryTree\BinaryTree.csproj", "{48747516-DAE3-42D1-A667-7CC7A76EE17F}"
EndProject
Project("{FAE04EC0-301F-11D3-BF4B-00C04F79EFBC}") = "BinaryTreeUnitTests", "BinaryTreeUnitTests\BinaryTreeUnitTests.csproj", "{DCF8D0E6-1F0F-4800-98C4-3DC415A7AA0D}"
EndProject
Project("{2150E333-8FDC-42A3-9474-1A3956D46DE8}") = "SortAlgorithms", "SortAlgorithms", "{0D76B979-F341-4137-A8DF-5CAB44AE405A}"
EndProject
Project("{2150E333-8FDC-42A3-9474-1A3956D46DE8}") = "MergeSort", "MergeSort", "{E7E9C3F0-EE63-4FD9-AE1D-E20959004C4D}"
EndProject
Project("{2150E333-8FDC-42A3-9474-1A3956D46DE8}") = "QuickSort", "QuickSort", "{1213480B-6002-4B71-A86B-3887FDE276F1}"
EndProject
Project("{2150E333-8FDC-42A3-9474-1A3956D46DE8}") = "InsertionSort", "InsertionSort", "{4613500B-F2A6-473F-8664-F60CB077E6B9}"
EndProject
Project("{2150E333-8FDC-42A3-9474-1A3956D46DE8}") = "SelectionSort", "SelectionSort", "{D79A6680-56D9-4529-9976-75EB89D9576A}"
EndProject
Project("{2150E333-8FDC-42A3-9474-1A3956D46DE8}") = "CountingSort", "CountingSort", "{5521AB23-D6E6-44A9-9842-E236FE35AB6B}"
EndProject
Project("{2150E333-8FDC-42A3-9474-1A3956D46DE8}") = "HeapSort", "HeapSort", "{9655C07C-9840-4C4B-A3E2-F64861237FCD}"
EndProject
Project("{2150E333-8FDC-42A3-9474-1A3956D46DE8}") = "TopologicalSort", "TopologicalSort", "{01BC746E-2DBD-4295-9CFF-490047B4A415}"
EndProject
Project("{FAE04EC0-301F-11D3-BF4B-00C04F79EFBC}") = "QuickSort", "SortAlgorithms\QuickSort\QuickSort.csproj", "{283DC2EA-1F14-4D2E-BA09-26F63A25333F}"
EndProject
Project("{FAE04EC0-301F-11D3-BF4B-00C04F79EFBC}") = "MergeSort", "SortAlgorithms\MergeSort\MergeSort.csproj", "{7B66245C-EA7B-4F94-942C-B8E5C5C76958}"
EndProject
Project("{FAE04EC0-301F-11D3-BF4B-00C04F79EFBC}") = "CountingSort", "SortAlgorithms\CountingSort\CountingSort.csproj", "{A67D8C7D-31F3-4239-9A55-3B4C6565962A}"
EndProject
Project("{FAE04EC0-301F-11D3-BF4B-00C04F79EFBC}") = "InsertionSort", "SortAlgorithms\InsertionSort\InsertionSort.csproj", "{275F38B9-5AA6-4102-B514-922EA5578904}"
EndProject
Project("{FAE04EC0-301F-11D3-BF4B-00C04F79EFBC}") = "SelectionSort", "SortAlgorithms\SelectionSort\SelectionSort.csproj", "{D2782324-891D-4FAC-8337-D9E0423139E5}"
EndProject
Project("{FAE04EC0-301F-11D3-BF4B-00C04F79EFBC}") = "TopologicalSort", "SortAlgorithms\TopologicalSort\TopologicalSort.csproj", "{EB56D412-5266-4B41-88CD-BB61188499BD}"
EndProject
Global
	GlobalSection(SolutionConfigurationPlatforms) = preSolution
		Debug|Any CPU = Debug|Any CPU
		Release|Any CPU = Release|Any CPU
	EndGlobalSection
	GlobalSection(NestedProjects) = preSolution
		{029172D6-7182-4607-BACD-F1306E0AD819} = {869135F7-63F9-4A24-9C9D-ECA03151DE91}
		{869135F7-63F9-4A24-9C9D-ECA03151DE91} = {EE81C259-D72D-4799-B573-0A89CE6C1CA0}
		{12508840-E2D3-44E4-8460-10B14CC66D37} = {EE81C259-D72D-4799-B573-0A89CE6C1CA0}
		{DDA95909-0CD5-421F-BA7D-EFEE9A23902D} = {869135F7-63F9-4A24-9C9D-ECA03151DE91}
		{99D2D364-71A0-4B4A-8A7A-59FD61BF4ED1} = {EE81C259-D72D-4799-B573-0A89CE6C1CA0}
		{FA321FDE-54E7-41B3-841A-E000480C6E40} = {99D2D364-71A0-4B4A-8A7A-59FD61BF4ED1}
		{AE6CC6CF-9755-4048-B61C-7B36D0012136} = {EE81C259-D72D-4799-B573-0A89CE6C1CA0}
		{48747516-DAE3-42D1-A667-7CC7A76EE17F} = {AE6CC6CF-9755-4048-B61C-7B36D0012136}
		{DCF8D0E6-1F0F-4800-98C4-3DC415A7AA0D} = {AE6CC6CF-9755-4048-B61C-7B36D0012136}
		{E7E9C3F0-EE63-4FD9-AE1D-E20959004C4D} = {0D76B979-F341-4137-A8DF-5CAB44AE405A}
		{1213480B-6002-4B71-A86B-3887FDE276F1} = {0D76B979-F341-4137-A8DF-5CAB44AE405A}
		{4613500B-F2A6-473F-8664-F60CB077E6B9} = {0D76B979-F341-4137-A8DF-5CAB44AE405A}
		{D79A6680-56D9-4529-9976-75EB89D9576A} = {0D76B979-F341-4137-A8DF-5CAB44AE405A}
		{5521AB23-D6E6-44A9-9842-E236FE35AB6B} = {0D76B979-F341-4137-A8DF-5CAB44AE405A}
		{9655C07C-9840-4C4B-A3E2-F64861237FCD} = {0D76B979-F341-4137-A8DF-5CAB44AE405A}
		{01BC746E-2DBD-4295-9CFF-490047B4A415} = {0D76B979-F341-4137-A8DF-5CAB44AE405A}
		{283DC2EA-1F14-4D2E-BA09-26F63A25333F} = {1213480B-6002-4B71-A86B-3887FDE276F1}
		{7B66245C-EA7B-4F94-942C-B8E5C5C76958} = {E7E9C3F0-EE63-4FD9-AE1D-E20959004C4D}
		{A67D8C7D-31F3-4239-9A55-3B4C6565962A} = {5521AB23-D6E6-44A9-9842-E236FE35AB6B}
		{275F38B9-5AA6-4102-B514-922EA5578904} = {4613500B-F2A6-473F-8664-F60CB077E6B9}
		{D2782324-891D-4FAC-8337-D9E0423139E5} = {D79A6680-56D9-4529-9976-75EB89D9576A}
		{EB56D412-5266-4B41-88CD-BB61188499BD} = {01BC746E-2DBD-4295-9CFF-490047B4A415}
	EndGlobalSection
	GlobalSection(ProjectConfigurationPlatforms) = postSolution
		{029172D6-7182-4607-BACD-F1306E0AD819}.Debug|Any CPU.ActiveCfg = Debug|Any CPU
		{029172D6-7182-4607-BACD-F1306E0AD819}.Debug|Any CPU.Build.0 = Debug|Any CPU
		{029172D6-7182-4607-BACD-F1306E0AD819}.Release|Any CPU.ActiveCfg = Release|Any CPU
		{029172D6-7182-4607-BACD-F1306E0AD819}.Release|Any CPU.Build.0 = Release|Any CPU
		{DDA95909-0CD5-421F-BA7D-EFEE9A23902D}.Debug|Any CPU.ActiveCfg = Debug|Any CPU
		{DDA95909-0CD5-421F-BA7D-EFEE9A23902D}.Debug|Any CPU.Build.0 = Debug|Any CPU
		{DDA95909-0CD5-421F-BA7D-EFEE9A23902D}.Release|Any CPU.ActiveCfg = Release|Any CPU
		{DDA95909-0CD5-421F-BA7D-EFEE9A23902D}.Release|Any CPU.Build.0 = Release|Any CPU
		{FA321FDE-54E7-41B3-841A-E000480C6E40}.Debug|Any CPU.ActiveCfg = Debug|Any CPU
		{FA321FDE-54E7-41B3-841A-E000480C6E40}.Debug|Any CPU.Build.0 = Debug|Any CPU
		{FA321FDE-54E7-41B3-841A-E000480C6E40}.Release|Any CPU.ActiveCfg = Release|Any CPU
		{FA321FDE-54E7-41B3-841A-E000480C6E40}.Release|Any CPU.Build.0 = Release|Any CPU
		{48747516-DAE3-42D1-A667-7CC7A76EE17F}.Debug|Any CPU.ActiveCfg = Debug|Any CPU
		{48747516-DAE3-42D1-A667-7CC7A76EE17F}.Debug|Any CPU.Build.0 = Debug|Any CPU
		{48747516-DAE3-42D1-A667-7CC7A76EE17F}.Release|Any CPU.ActiveCfg = Release|Any CPU
		{48747516-DAE3-42D1-A667-7CC7A76EE17F}.Release|Any CPU.Build.0 = Release|Any CPU
		{DCF8D0E6-1F0F-4800-98C4-3DC415A7AA0D}.Debug|Any CPU.ActiveCfg = Debug|Any CPU
		{DCF8D0E6-1F0F-4800-98C4-3DC415A7AA0D}.Debug|Any CPU.Build.0 = Debug|Any CPU
		{DCF8D0E6-1F0F-4800-98C4-3DC415A7AA0D}.Release|Any CPU.ActiveCfg = Release|Any CPU
		{DCF8D0E6-1F0F-4800-98C4-3DC415A7AA0D}.Release|Any CPU.Build.0 = Release|Any CPU
		{283DC2EA-1F14-4D2E-BA09-26F63A25333F}.Debug|Any CPU.ActiveCfg = Debug|Any CPU
		{283DC2EA-1F14-4D2E-BA09-26F63A25333F}.Debug|Any CPU.Build.0 = Debug|Any CPU
		{283DC2EA-1F14-4D2E-BA09-26F63A25333F}.Release|Any CPU.ActiveCfg = Release|Any CPU
		{283DC2EA-1F14-4D2E-BA09-26F63A25333F}.Release|Any CPU.Build.0 = Release|Any CPU
		{7B66245C-EA7B-4F94-942C-B8E5C5C76958}.Debug|Any CPU.ActiveCfg = Debug|Any CPU
		{7B66245C-EA7B-4F94-942C-B8E5C5C76958}.Debug|Any CPU.Build.0 = Debug|Any CPU
		{7B66245C-EA7B-4F94-942C-B8E5C5C76958}.Release|Any CPU.ActiveCfg = Release|Any CPU
		{7B66245C-EA7B-4F94-942C-B8E5C5C76958}.Release|Any CPU.Build.0 = Release|Any CPU
		{A67D8C7D-31F3-4239-9A55-3B4C6565962A}.Debug|Any CPU.ActiveCfg = Debug|Any CPU
		{A67D8C7D-31F3-4239-9A55-3B4C6565962A}.Debug|Any CPU.Build.0 = Debug|Any CPU
		{A67D8C7D-31F3-4239-9A55-3B4C6565962A}.Release|Any CPU.ActiveCfg = Release|Any CPU
		{A67D8C7D-31F3-4239-9A55-3B4C6565962A}.Release|Any CPU.Build.0 = Release|Any CPU
		{275F38B9-5AA6-4102-B514-922EA5578904}.Debug|Any CPU.ActiveCfg = Debug|Any CPU
		{275F38B9-5AA6-4102-B514-922EA5578904}.Debug|Any CPU.Build.0 = Debug|Any CPU
		{275F38B9-5AA6-4102-B514-922EA5578904}.Release|Any CPU.ActiveCfg = Release|Any CPU
		{275F38B9-5AA6-4102-B514-922EA5578904}.Release|Any CPU.Build.0 = Release|Any CPU
		{D2782324-891D-4FAC-8337-D9E0423139E5}.Debug|Any CPU.ActiveCfg = Debug|Any CPU
		{D2782324-891D-4FAC-8337-D9E0423139E5}.Debug|Any CPU.Build.0 = Debug|Any CPU
		{D2782324-891D-4FAC-8337-D9E0423139E5}.Release|Any CPU.ActiveCfg = Release|Any CPU
		{D2782324-891D-4FAC-8337-D9E0423139E5}.Release|Any CPU.Build.0 = Release|Any CPU
		{EB56D412-5266-4B41-88CD-BB61188499BD}.Debug|Any CPU.ActiveCfg = Debug|Any CPU
		{EB56D412-5266-4B41-88CD-BB61188499BD}.Debug|Any CPU.Build.0 = Debug|Any CPU
		{EB56D412-5266-4B41-88CD-BB61188499BD}.Release|Any CPU.ActiveCfg = Release|Any CPU
		{EB56D412-5266-4B41-88CD-BB61188499BD}.Release|Any CPU.Build.0 = Release|Any CPU
	EndGlobalSection
EndGlobal
